
Microsoft Visual Studio Solution File, Format Version 12.00
# Visual Studio 2012
Project("{FAE04EC0-301F-11D3-BF4B-00C04F79EFBC}") = "CJia", "CJia\CJia.csproj", "{D6313D94-A932-41A3-9D21-1FD7D0EAB067}"
EndProject
Project("{FAE04EC0-301F-11D3-BF4B-00C04F79EFBC}") = "CJia.Business", "CJia.Business\CJia.Business.csproj", "{8EA5D839-7987-48F4-906D-9ECE108B9244}"
EndProject
Project("{FAE04EC0-301F-11D3-BF4B-00C04F79EFBC}") = "CJia.Editors", "CJia.Editors\CJia.Editors.csproj", "{0FDC3514-2CBE-4D07-AC91-1DF8D74B602E}"
EndProject
Project("{FAE04EC0-301F-11D3-BF4B-00C04F79EFBC}") = "CJia.Net", "CJia.Net\CJia.Net.csproj", "{1AF2ABFD-8965-4312-B0DE-B65BA6E77417}"
EndProject
Project("{FAE04EC0-301F-11D3-BF4B-00C04F79EFBC}") = "CJia.Net.Business", "CJia.Net.Business\CJia.Net.Business.csproj", "{12589495-CD72-4A6D-B15F-7A5BF35D4D6F}"
EndProject
Project("{FAE04EC0-301F-11D3-BF4B-00C04F79EFBC}") = "CJia.Net.Service", "CJia.Net.Service\CJia.Net.Service.csproj", "{DFC0127C-61A2-4643-BE76-21AFB007575D}"
EndProject
Project("{FAE04EC0-301F-11D3-BF4B-00C04F79EFBC}") = "CJia.Server", "CJia.Server\CJia.Server.csproj", "{B52D5E1A-FC19-4C7D-B296-93D0D7394E5B}"
EndProject
Project("{FAE04EC0-301F-11D3-BF4B-00C04F79EFBC}") = "CJia.Service", "CJia.Service\CJia.Service.csproj", "{7E52A71F-D6CC-4D06-8C2E-11DE92EF8EB0}"
EndProject
Project("{FAE04EC0-301F-11D3-BF4B-00C04F79EFBC}") = "CJia.Tools", "CJia.Tools\CJia.Tools.csproj", "{4A3838AB-AEEF-41B1-BD51-DDF00D6FE7F5}"
EndProject
Project("{FAE04EC0-301F-11D3-BF4B-00C04F79EFBC}") = "UnitTest.Framework", "UnitTest.Framework\UnitTest.Framework.csproj", "{D726CDBE-0639-47CA-AC17-562024DE535B}"
	ProjectSection(ProjectDependencies) = postProject
		{BA27AA46-81CC-4735-9E8D-D338FE444086} = {BA27AA46-81CC-4735-9E8D-D338FE444086}
	EndProjectSection
EndProject
Project("{FAE04EC0-301F-11D3-BF4B-00C04F79EFBC}") = "CJia.Net.Service.MobileMedical", "CJia.Net.Service.MobileMedical\CJia.Net.Service.MobileMedical.csproj", "{F9974821-EE0E-420F-852E-06DF4C885B48}"
EndProject
Project("{FAE04EC0-301F-11D3-BF4B-00C04F79EFBC}") = "CJia.Net.Business.MobileMedical", "CJia.Net.Business.MobileMedical\CJia.Net.Business.MobileMedical.csproj", "{B3D4674E-EAA0-42EA-9C57-D2B098BA6852}"
EndProject
Project("{FAE04EC0-301F-11D3-BF4B-00C04F79EFBC}") = "CJia.Component", "CJia.Component\CJia.Component.csproj", "{56534A68-C441-4470-B683-91F7EBD6CB59}"
EndProject
Project("{FAE04EC0-301F-11D3-BF4B-00C04F79EFBC}") = "CJia.Controls", "CJia.Controls\CJia.Controls.csproj", "{BA27AA46-81CC-4735-9E8D-D338FE444086}"
	ProjectSection(ProjectDependencies) = postProject
		{0FDC3514-2CBE-4D07-AC91-1DF8D74B602E} = {0FDC3514-2CBE-4D07-AC91-1DF8D74B602E}
		{D6313D94-A932-41A3-9D21-1FD7D0EAB067} = {D6313D94-A932-41A3-9D21-1FD7D0EAB067}
	EndProjectSection
EndProject
Global
	GlobalSection(TeamFoundationVersionControl) = preSolution
		SccNumberOfProjects = 15
		SccEnterpriseProvider = {4CA58AB2-18FA-4F8D-95D4-32DDF27D184C}
		SccTeamFoundationServer = http://192.168.1.207:8080/tfs/cjia
		SccLocalPath0 = .
		SccProjectUniqueName1 = CJia\\CJia.csproj
		SccProjectName1 = CJia
		SccLocalPath1 = CJia
		SccProjectUniqueName2 = CJia.Business\\CJia.Business.csproj
		SccProjectName2 = CJia.Business
		SccLocalPath2 = CJia.Business
		SccProjectUniqueName3 = CJia.Editors\\CJia.Editors.csproj
		SccProjectName3 = CJia.Editors
		SccLocalPath3 = CJia.Editors
		SccProjectUniqueName4 = CJia.Net.Business\\CJia.Net.Business.csproj
		SccProjectName4 = CJia.Net.Business
		SccLocalPath4 = CJia.Net.Business
		SccProjectUniqueName5 = CJia.Net.Service\\CJia.Net.Service.csproj
		SccProjectName5 = CJia.Net.Service
		SccLocalPath5 = CJia.Net.Service
		SccProjectUniqueName6 = CJia.Net\\CJia.Net.csproj
		SccProjectName6 = CJia.Net
		SccLocalPath6 = CJia.Net
		SccProjectUniqueName7 = CJia.Server\\CJia.Server.csproj
		SccProjectName7 = CJia.Server
		SccLocalPath7 = CJia.Server
		SccProjectUniqueName8 = CJia.Service\\CJia.Service.csproj
		SccProjectName8 = CJia.Service
		SccLocalPath8 = CJia.Service
		SccProjectUniqueName9 = CJia.Tools\\CJia.Tools.csproj
		SccProjectName9 = CJia.Tools
		SccLocalPath9 = CJia.Tools
		SccProjectUniqueName10 = UnitTest.Framework\\UnitTest.Framework.csproj
		SccProjectName10 = UnitTest.Framework
		SccLocalPath10 = UnitTest.Framework
		SccProjectUniqueName11 = CJia.Net.Business.MobileMedical\\CJia.Net.Business.MobileMedical.csproj
		SccProjectName11 = CJia.Net.Business.MobileMedical
		SccLocalPath11 = CJia.Net.Business.MobileMedical
		SccProjectUniqueName12 = CJia.Net.Service.MobileMedical\\CJia.Net.Service.MobileMedical.csproj
		SccProjectName12 = CJia.Net.Service.MobileMedical
		SccLocalPath12 = CJia.Net.Service.MobileMedical
		SccProjectUniqueName13 = CJia.Component\\CJia.Component.csproj
		SccProjectName13 = CJia.Component
		SccLocalPath13 = CJia.Component
		SccProjectUniqueName14 = CJia.Controls\\CJia.Controls.csproj
		SccProjectName14 = CJia.Controls
		SccLocalPath14 = CJia.Controls
	EndGlobalSection
	GlobalSection(SolutionConfigurationPlatforms) = preSolution
		CJx64|Any CPU = CJx64|Any CPU
		CJx64|x64 = CJx64|x64
		CJx64|x86 = CJx64|x86
		Debug|Any CPU = Debug|Any CPU
		Debug|x64 = Debug|x64
		Debug|x86 = Debug|x86
		Release|Any CPU = Release|Any CPU
		Release|x64 = Release|x64
		Release|x86 = Release|x86
	EndGlobalSection
	GlobalSection(ProjectConfigurationPlatforms) = postSolution
		{D6313D94-A932-41A3-9D21-1FD7D0EAB067}.CJx64|Any CPU.ActiveCfg = CJx64|Any CPU
		{D6313D94-A932-41A3-9D21-1FD7D0EAB067}.CJx64|Any CPU.Build.0 = CJx64|Any CPU
		{D6313D94-A932-41A3-9D21-1FD7D0EAB067}.CJx64|x64.ActiveCfg = CJx64|x64
		{D6313D94-A932-41A3-9D21-1FD7D0EAB067}.CJx64|x64.Build.0 = CJx64|x64
		{D6313D94-A932-41A3-9D21-1FD7D0EAB067}.CJx64|x86.ActiveCfg = CJx64|x86
		{D6313D94-A932-41A3-9D21-1FD7D0EAB067}.CJx64|x86.Build.0 = CJx64|x86
		{D6313D94-A932-41A3-9D21-1FD7D0EAB067}.Debug|Any CPU.ActiveCfg = Debug|Any CPU
		{D6313D94-A932-41A3-9D21-1FD7D0EAB067}.Debug|Any CPU.Build.0 = Debug|Any CPU
		{D6313D94-A932-41A3-9D21-1FD7D0EAB067}.Debug|x64.ActiveCfg = Debug|x64
		{D6313D94-A932-41A3-9D21-1FD7D0EAB067}.Debug|x64.Build.0 = Debug|x64
		{D6313D94-A932-41A3-9D21-1FD7D0EAB067}.Debug|x86.ActiveCfg = Debug|x86
		{D6313D94-A932-41A3-9D21-1FD7D0EAB067}.Debug|x86.Build.0 = Debug|x86
		{D6313D94-A932-41A3-9D21-1FD7D0EAB067}.Release|Any CPU.ActiveCfg = Release|Any CPU
		{D6313D94-A932-41A3-9D21-1FD7D0EAB067}.Release|Any CPU.Build.0 = Release|Any CPU
		{D6313D94-A932-41A3-9D21-1FD7D0EAB067}.Release|x64.ActiveCfg = Release|Any CPU
		{D6313D94-A932-41A3-9D21-1FD7D0EAB067}.Release|x64.Build.0 = Release|Any CPU
		{D6313D94-A932-41A3-9D21-1FD7D0EAB067}.Release|x86.ActiveCfg = Release|Any CPU
		{D6313D94-A932-41A3-9D21-1FD7D0EAB067}.Release|x86.Build.0 = Release|Any CPU
		{8EA5D839-7987-48F4-906D-9ECE108B9244}.CJx64|Any CPU.ActiveCfg = CJx64|Any CPU
		{8EA5D839-7987-48F4-906D-9ECE108B9244}.CJx64|Any CPU.Build.0 = CJx64|Any CPU
		{8EA5D839-7987-48F4-906D-9ECE108B9244}.CJx64|x64.ActiveCfg = CJx64|x64
		{8EA5D839-7987-48F4-906D-9ECE108B9244}.CJx64|x64.Build.0 = CJx64|x64
		{8EA5D839-7987-48F4-906D-9ECE108B9244}.CJx64|x86.ActiveCfg = CJx64|x86
		{8EA5D839-7987-48F4-906D-9ECE108B9244}.CJx64|x86.Build.0 = CJx64|x86
		{8EA5D839-7987-48F4-906D-9ECE108B9244}.Debug|Any CPU.ActiveCfg = Debug|Any CPU
		{8EA5D839-7987-48F4-906D-9ECE108B9244}.Debug|Any CPU.Build.0 = Debug|Any CPU
		{8EA5D839-7987-48F4-906D-9ECE108B9244}.Debug|x64.ActiveCfg = Debug|x64
		{8EA5D839-7987-48F4-906D-9ECE108B9244}.Debug|x64.Build.0 = Debug|x64
		{8EA5D839-7987-48F4-906D-9ECE108B9244}.Debug|x86.ActiveCfg = Debug|x86
		{8EA5D839-7987-48F4-906D-9ECE108B9244}.Debug|x86.Build.0 = Debug|x86
		{8EA5D839-7987-48F4-906D-9ECE108B9244}.Release|Any CPU.ActiveCfg = Release|Any CPU
		{8EA5D839-7987-48F4-906D-9ECE108B9244}.Release|Any CPU.Build.0 = Release|Any CPU
		{8EA5D839-7987-48F4-906D-9ECE108B9244}.Release|x64.ActiveCfg = Release|Any CPU
		{8EA5D839-7987-48F4-906D-9ECE108B9244}.Release|x64.Build.0 = Release|Any CPU
		{8EA5D839-7987-48F4-906D-9ECE108B9244}.Release|x86.ActiveCfg = Release|Any CPU
		{8EA5D839-7987-48F4-906D-9ECE108B9244}.Release|x86.Build.0 = Release|Any CPU
		{0FDC3514-2CBE-4D07-AC91-1DF8D74B602E}.CJx64|Any CPU.ActiveCfg = CJx64|Any CPU
		{0FDC3514-2CBE-4D07-AC91-1DF8D74B602E}.CJx64|Any CPU.Build.0 = CJx64|Any CPU
		{0FDC3514-2CBE-4D07-AC91-1DF8D74B602E}.CJx64|x64.ActiveCfg = CJx64|x64
		{0FDC3514-2CBE-4D07-AC91-1DF8D74B602E}.CJx64|x64.Build.0 = CJx64|x64
		{0FDC3514-2CBE-4D07-AC91-1DF8D74B602E}.CJx64|x86.ActiveCfg = CJx64|x86
		{0FDC3514-2CBE-4D07-AC91-1DF8D74B602E}.CJx64|x86.Build.0 = CJx64|x86
		{0FDC3514-2CBE-4D07-AC91-1DF8D74B602E}.Debug|Any CPU.ActiveCfg = Debug|Any CPU
		{0FDC3514-2CBE-4D07-AC91-1DF8D74B602E}.Debug|Any CPU.Build.0 = Debug|Any CPU
		{0FDC3514-2CBE-4D07-AC91-1DF8D74B602E}.Debug|x64.ActiveCfg = Debug|x64
		{0FDC3514-2CBE-4D07-AC91-1DF8D74B602E}.Debug|x64.Build.0 = Debug|x64
		{0FDC3514-2CBE-4D07-AC91-1DF8D74B602E}.Debug|x86.ActiveCfg = Debug|x86
		{0FDC3514-2CBE-4D07-AC91-1DF8D74B602E}.Debug|x86.Build.0 = Debug|x86
		{0FDC3514-2CBE-4D07-AC91-1DF8D74B602E}.Release|Any CPU.ActiveCfg = Release|Any CPU
		{0FDC3514-2CBE-4D07-AC91-1DF8D74B602E}.Release|Any CPU.Build.0 = Release|Any CPU
		{0FDC3514-2CBE-4D07-AC91-1DF8D74B602E}.Release|x64.ActiveCfg = Release|Any CPU
		{0FDC3514-2CBE-4D07-AC91-1DF8D74B602E}.Release|x64.Build.0 = Release|Any CPU
		{0FDC3514-2CBE-4D07-AC91-1DF8D74B602E}.Release|x86.ActiveCfg = Release|Any CPU
		{0FDC3514-2CBE-4D07-AC91-1DF8D74B602E}.Release|x86.Build.0 = Release|Any CPU
		{1AF2ABFD-8965-4312-B0DE-B65BA6E77417}.CJx64|Any CPU.ActiveCfg = CJx64|Any CPU
		{1AF2ABFD-8965-4312-B0DE-B65BA6E77417}.CJx64|Any CPU.Build.0 = CJx64|Any CPU
		{1AF2ABFD-8965-4312-B0DE-B65BA6E77417}.CJx64|x64.ActiveCfg = CJx64|x64
		{1AF2ABFD-8965-4312-B0DE-B65BA6E77417}.CJx64|x64.Build.0 = CJx64|x64
		{1AF2ABFD-8965-4312-B0DE-B65BA6E77417}.CJx64|x86.ActiveCfg = CJx64|x86
		{1AF2ABFD-8965-4312-B0DE-B65BA6E77417}.CJx64|x86.Build.0 = CJx64|x86
		{1AF2ABFD-8965-4312-B0DE-B65BA6E77417}.Debug|Any CPU.ActiveCfg = Debug|Any CPU
		{1AF2ABFD-8965-4312-B0DE-B65BA6E77417}.Debug|Any CPU.Build.0 = Debug|Any CPU
		{1AF2ABFD-8965-4312-B0DE-B65BA6E77417}.Debug|x64.ActiveCfg = Debug|x64
		{1AF2ABFD-8965-4312-B0DE-B65BA6E77417}.Debug|x64.Build.0 = Debug|x64
		{1AF2ABFD-8965-4312-B0DE-B65BA6E77417}.Debug|x86.ActiveCfg = Debug|x86
		{1AF2ABFD-8965-4312-B0DE-B65BA6E77417}.Debug|x86.Build.0 = Debug|x86
		{1AF2ABFD-8965-4312-B0DE-B65BA6E77417}.Release|Any CPU.ActiveCfg = Release|Any CPU
		{1AF2ABFD-8965-4312-B0DE-B65BA6E77417}.Release|Any CPU.Build.0 = Release|Any CPU
		{1AF2ABFD-8965-4312-B0DE-B65BA6E77417}.Release|x64.ActiveCfg = Release|Any CPU
		{1AF2ABFD-8965-4312-B0DE-B65BA6E77417}.Release|x64.Build.0 = Release|Any CPU
		{1AF2ABFD-8965-4312-B0DE-B65BA6E77417}.Release|x86.ActiveCfg = Release|Any CPU
		{1AF2ABFD-8965-4312-B0DE-B65BA6E77417}.Release|x86.Build.0 = Release|Any CPU
		{12589495-CD72-4A6D-B15F-7A5BF35D4D6F}.CJx64|Any CPU.ActiveCfg = CJx64|Any CPU
		{12589495-CD72-4A6D-B15F-7A5BF35D4D6F}.CJx64|Any CPU.Build.0 = CJx64|Any CPU
		{12589495-CD72-4A6D-B15F-7A5BF35D4D6F}.CJx64|x64.ActiveCfg = CJx64|x64
		{12589495-CD72-4A6D-B15F-7A5BF35D4D6F}.CJx64|x64.Build.0 = CJx64|x64
		{12589495-CD72-4A6D-B15F-7A5BF35D4D6F}.CJx64|x86.ActiveCfg = CJx64|x86
		{12589495-CD72-4A6D-B15F-7A5BF35D4D6F}.CJx64|x86.Build.0 = CJx64|x86
		{12589495-CD72-4A6D-B15F-7A5BF35D4D6F}.Debug|Any CPU.ActiveCfg = Debug|Any CPU
		{12589495-CD72-4A6D-B15F-7A5BF35D4D6F}.Debug|Any CPU.Build.0 = Debug|Any CPU
		{12589495-CD72-4A6D-B15F-7A5BF35D4D6F}.Debug|x64.ActiveCfg = Debug|x64
		{12589495-CD72-4A6D-B15F-7A5BF35D4D6F}.Debug|x64.Build.0 = Debug|x64
		{12589495-CD72-4A6D-B15F-7A5BF35D4D6F}.Debug|x86.ActiveCfg = Debug|x86
		{12589495-CD72-4A6D-B15F-7A5BF35D4D6F}.Debug|x86.Build.0 = Debug|x86
		{12589495-CD72-4A6D-B15F-7A5BF35D4D6F}.Release|Any CPU.ActiveCfg = Release|Any CPU
		{12589495-CD72-4A6D-B15F-7A5BF35D4D6F}.Release|Any CPU.Build.0 = Release|Any CPU
		{12589495-CD72-4A6D-B15F-7A5BF35D4D6F}.Release|x64.ActiveCfg = Release|Any CPU
		{12589495-CD72-4A6D-B15F-7A5BF35D4D6F}.Release|x64.Build.0 = Release|Any CPU
		{12589495-CD72-4A6D-B15F-7A5BF35D4D6F}.Release|x86.ActiveCfg = Release|Any CPU
		{12589495-CD72-4A6D-B15F-7A5BF35D4D6F}.Release|x86.Build.0 = Release|Any CPU
		{DFC0127C-61A2-4643-BE76-21AFB007575D}.CJx64|Any CPU.ActiveCfg = CJx64|Any CPU
		{DFC0127C-61A2-4643-BE76-21AFB007575D}.CJx64|Any CPU.Build.0 = CJx64|Any CPU
		{DFC0127C-61A2-4643-BE76-21AFB007575D}.CJx64|x64.ActiveCfg = CJx64|x64
		{DFC0127C-61A2-4643-BE76-21AFB007575D}.CJx64|x64.Build.0 = CJx64|x64
		{DFC0127C-61A2-4643-BE76-21AFB007575D}.CJx64|x86.ActiveCfg = CJx64|x86
		{DFC0127C-61A2-4643-BE76-21AFB007575D}.CJx64|x86.Build.0 = CJx64|x86
		{DFC0127C-61A2-4643-BE76-21AFB007575D}.Debug|Any CPU.ActiveCfg = Debug|Any CPU
		{DFC0127C-61A2-4643-BE76-21AFB007575D}.Debug|Any CPU.Build.0 = Debug|Any CPU
		{DFC0127C-61A2-4643-BE76-21AFB007575D}.Debug|x64.ActiveCfg = Debug|x64
		{DFC0127C-61A2-4643-BE76-21AFB007575D}.Debug|x64.Build.0 = Debug|x64
		{DFC0127C-61A2-4643-BE76-21AFB007575D}.Debug|x86.ActiveCfg = Debug|x86
		{DFC0127C-61A2-4643-BE76-21AFB007575D}.Debug|x86.Build.0 = Debug|x86
		{DFC0127C-61A2-4643-BE76-21AFB007575D}.Release|Any CPU.ActiveCfg = Release|Any CPU
		{DFC0127C-61A2-4643-BE76-21AFB007575D}.Release|Any CPU.Build.0 = Release|Any CPU
		{DFC0127C-61A2-4643-BE76-21AFB007575D}.Release|x64.ActiveCfg = Release|Any CPU
		{DFC0127C-61A2-4643-BE76-21AFB007575D}.Release|x64.Build.0 = Release|Any CPU
		{DFC0127C-61A2-4643-BE76-21AFB007575D}.Release|x86.ActiveCfg = Release|Any CPU
		{DFC0127C-61A2-4643-BE76-21AFB007575D}.Release|x86.Build.0 = Release|Any CPU
		{B52D5E1A-FC19-4C7D-B296-93D0D7394E5B}.CJx64|Any CPU.ActiveCfg = CJx64|Any CPU
		{B52D5E1A-FC19-4C7D-B296-93D0D7394E5B}.CJx64|Any CPU.Build.0 = CJx64|Any CPU
		{B52D5E1A-FC19-4C7D-B296-93D0D7394E5B}.CJx64|x64.ActiveCfg = CJx64|x64
		{B52D5E1A-FC19-4C7D-B296-93D0D7394E5B}.CJx64|x64.Build.0 = CJx64|x64
		{B52D5E1A-FC19-4C7D-B296-93D0D7394E5B}.CJx64|x86.ActiveCfg = CJx64|x86
		{B52D5E1A-FC19-4C7D-B296-93D0D7394E5B}.CJx64|x86.Build.0 = CJx64|x86
		{B52D5E1A-FC19-4C7D-B296-93D0D7394E5B}.Debug|Any CPU.ActiveCfg = Debug|Any CPU
		{B52D5E1A-FC19-4C7D-B296-93D0D7394E5B}.Debug|Any CPU.Build.0 = Debug|Any CPU
		{B52D5E1A-FC19-4C7D-B296-93D0D7394E5B}.Debug|x64.ActiveCfg = Debug|x64
		{B52D5E1A-FC19-4C7D-B296-93D0D7394E5B}.Debug|x64.Build.0 = Debug|x64
		{B52D5E1A-FC19-4C7D-B296-93D0D7394E5B}.Debug|x86.ActiveCfg = Debug|x86
		{B52D5E1A-FC19-4C7D-B296-93D0D7394E5B}.Debug|x86.Build.0 = Debug|x86
		{B52D5E1A-FC19-4C7D-B296-93D0D7394E5B}.Release|Any CPU.ActiveCfg = Release|Any CPU
		{B52D5E1A-FC19-4C7D-B296-93D0D7394E5B}.Release|Any CPU.Build.0 = Release|Any CPU
		{B52D5E1A-FC19-4C7D-B296-93D0D7394E5B}.Release|x64.ActiveCfg = Release|Any CPU
		{B52D5E1A-FC19-4C7D-B296-93D0D7394E5B}.Release|x64.Build.0 = Release|Any CPU
		{B52D5E1A-FC19-4C7D-B296-93D0D7394E5B}.Release|x86.ActiveCfg = Release|Any CPU
		{B52D5E1A-FC19-4C7D-B296-93D0D7394E5B}.Release|x86.Build.0 = Release|Any CPU
		{7E52A71F-D6CC-4D06-8C2E-11DE92EF8EB0}.CJx64|Any CPU.ActiveCfg = CJx64|Any CPU
		{7E52A71F-D6CC-4D06-8C2E-11DE92EF8EB0}.CJx64|Any CPU.Build.0 = CJx64|Any CPU
		{7E52A71F-D6CC-4D06-8C2E-11DE92EF8EB0}.CJx64|x64.ActiveCfg = CJx64|x64
		{7E52A71F-D6CC-4D06-8C2E-11DE92EF8EB0}.CJx64|x64.Build.0 = CJx64|x64
		{7E52A71F-D6CC-4D06-8C2E-11DE92EF8EB0}.CJx64|x86.ActiveCfg = CJx64|x86
		{7E52A71F-D6CC-4D06-8C2E-11DE92EF8EB0}.CJx64|x86.Build.0 = CJx64|x86
		{7E52A71F-D6CC-4D06-8C2E-11DE92EF8EB0}.Debug|Any CPU.ActiveCfg = Debug|Any CPU
		{7E52A71F-D6CC-4D06-8C2E-11DE92EF8EB0}.Debug|Any CPU.Build.0 = Debug|Any CPU
		{7E52A71F-D6CC-4D06-8C2E-11DE92EF8EB0}.Debug|x64.ActiveCfg = Debug|x64
		{7E52A71F-D6CC-4D06-8C2E-11DE92EF8EB0}.Debug|x64.Build.0 = Debug|x64
		{7E52A71F-D6CC-4D06-8C2E-11DE92EF8EB0}.Debug|x86.ActiveCfg = Debug|x86
		{7E52A71F-D6CC-4D06-8C2E-11DE92EF8EB0}.Debug|x86.Build.0 = Debug|x86
		{7E52A71F-D6CC-4D06-8C2E-11DE92EF8EB0}.Release|Any CPU.ActiveCfg = Release|Any CPU
		{7E52A71F-D6CC-4D06-8C2E-11DE92EF8EB0}.Release|Any CPU.Build.0 = Release|Any CPU
		{7E52A71F-D6CC-4D06-8C2E-11DE92EF8EB0}.Release|x64.ActiveCfg = Release|Any CPU
		{7E52A71F-D6CC-4D06-8C2E-11DE92EF8EB0}.Release|x64.Build.0 = Release|Any CPU
		{7E52A71F-D6CC-4D06-8C2E-11DE92EF8EB0}.Release|x86.ActiveCfg = Release|Any CPU
		{7E52A71F-D6CC-4D06-8C2E-11DE92EF8EB0}.Release|x86.Build.0 = Release|Any CPU
		{4A3838AB-AEEF-41B1-BD51-DDF00D6FE7F5}.CJx64|Any CPU.ActiveCfg = CJx64|Any CPU
		{4A3838AB-AEEF-41B1-BD51-DDF00D6FE7F5}.CJx64|Any CPU.Build.0 = CJx64|Any CPU
		{4A3838AB-AEEF-41B1-BD51-DDF00D6FE7F5}.CJx64|x64.ActiveCfg = CJx64|x64
		{4A3838AB-AEEF-41B1-BD51-DDF00D6FE7F5}.CJx64|x64.Build.0 = CJx64|x64
		{4A3838AB-AEEF-41B1-BD51-DDF00D6FE7F5}.CJx64|x86.ActiveCfg = CJx64|x86
		{4A3838AB-AEEF-41B1-BD51-DDF00D6FE7F5}.CJx64|x86.Build.0 = CJx64|x86
		{4A3838AB-AEEF-41B1-BD51-DDF00D6FE7F5}.Debug|Any CPU.ActiveCfg = Debug|Any CPU
		{4A3838AB-AEEF-41B1-BD51-DDF00D6FE7F5}.Debug|Any CPU.Build.0 = Debug|Any CPU
		{4A3838AB-AEEF-41B1-BD51-DDF00D6FE7F5}.Debug|x64.ActiveCfg = Debug|x64
		{4A3838AB-AEEF-41B1-BD51-DDF00D6FE7F5}.Debug|x64.Build.0 = Debug|x64
		{4A3838AB-AEEF-41B1-BD51-DDF00D6FE7F5}.Debug|x86.ActiveCfg = Debug|x86
		{4A3838AB-AEEF-41B1-BD51-DDF00D6FE7F5}.Debug|x86.Build.0 = Debug|x86
		{4A3838AB-AEEF-41B1-BD51-DDF00D6FE7F5}.Release|Any CPU.ActiveCfg = Release|Any CPU
		{4A3838AB-AEEF-41B1-BD51-DDF00D6FE7F5}.Release|Any CPU.Build.0 = Release|Any CPU
		{4A3838AB-AEEF-41B1-BD51-DDF00D6FE7F5}.Release|x64.ActiveCfg = Release|Any CPU
		{4A3838AB-AEEF-41B1-BD51-DDF00D6FE7F5}.Release|x64.Build.0 = Release|Any CPU
		{4A3838AB-AEEF-41B1-BD51-DDF00D6FE7F5}.Release|x86.ActiveCfg = Release|Any CPU
		{4A3838AB-AEEF-41B1-BD51-DDF00D6FE7F5}.Release|x86.Build.0 = Release|Any CPU
		{D726CDBE-0639-47CA-AC17-562024DE535B}.CJx64|Any CPU.ActiveCfg = CJx64|Any CPU
		{D726CDBE-0639-47CA-AC17-562024DE535B}.CJx64|Any CPU.Build.0 = CJx64|Any CPU
		{D726CDBE-0639-47CA-AC17-562024DE535B}.CJx64|x64.ActiveCfg = CJx64|x64
		{D726CDBE-0639-47CA-AC17-562024DE535B}.CJx64|x64.Build.0 = CJx64|x64
		{D726CDBE-0639-47CA-AC17-562024DE535B}.CJx64|x86.ActiveCfg = CJx64|x86
		{D726CDBE-0639-47CA-AC17-562024DE535B}.CJx64|x86.Build.0 = CJx64|x86
		{D726CDBE-0639-47CA-AC17-562024DE535B}.Debug|Any CPU.ActiveCfg = Debug|Any CPU
		{D726CDBE-0639-47CA-AC17-562024DE535B}.Debug|Any CPU.Build.0 = Debug|Any CPU
		{D726CDBE-0639-47CA-AC17-562024DE535B}.Debug|x64.ActiveCfg = Debug|x64
		{D726CDBE-0639-47CA-AC17-562024DE535B}.Debug|x64.Build.0 = Debug|x64
		{D726CDBE-0639-47CA-AC17-562024DE535B}.Debug|x86.ActiveCfg = Debug|x86
		{D726CDBE-0639-47CA-AC17-562024DE535B}.Debug|x86.Build.0 = Debug|x86
		{D726CDBE-0639-47CA-AC17-562024DE535B}.Release|Any CPU.ActiveCfg = Release|Any CPU
		{D726CDBE-0639-47CA-AC17-562024DE535B}.Release|Any CPU.Build.0 = Release|Any CPU
		{D726CDBE-0639-47CA-AC17-562024DE535B}.Release|x64.ActiveCfg = Release|Any CPU
		{D726CDBE-0639-47CA-AC17-562024DE535B}.Release|x64.Build.0 = Release|Any CPU
		{D726CDBE-0639-47CA-AC17-562024DE535B}.Release|x86.ActiveCfg = Release|Any CPU
		{D726CDBE-0639-47CA-AC17-562024DE535B}.Release|x86.Build.0 = Release|Any CPU
		{F9974821-EE0E-420F-852E-06DF4C885B48}.CJx64|Any CPU.ActiveCfg = CJx64|Any CPU
		{F9974821-EE0E-420F-852E-06DF4C885B48}.CJx64|Any CPU.Build.0 = CJx64|Any CPU
		{F9974821-EE0E-420F-852E-06DF4C885B48}.CJx64|x64.ActiveCfg = CJx64|x64
		{F9974821-EE0E-420F-852E-06DF4C885B48}.CJx64|x64.Build.0 = CJx64|x64
		{F9974821-EE0E-420F-852E-06DF4C885B48}.CJx64|x86.ActiveCfg = CJx64|x86
		{F9974821-EE0E-420F-852E-06DF4C885B48}.CJx64|x86.Build.0 = CJx64|x86
		{F9974821-EE0E-420F-852E-06DF4C885B48}.Debug|Any CPU.ActiveCfg = Debug|Any CPU
		{F9974821-EE0E-420F-852E-06DF4C885B48}.Debug|Any CPU.Build.0 = Debug|Any CPU
		{F9974821-EE0E-420F-852E-06DF4C885B48}.Debug|x64.ActiveCfg = Debug|x64
		{F9974821-EE0E-420F-852E-06DF4C885B48}.Debug|x64.Build.0 = Debug|x64
		{F9974821-EE0E-420F-852E-06DF4C885B48}.Debug|x86.ActiveCfg = Debug|x86
		{F9974821-EE0E-420F-852E-06DF4C885B48}.Debug|x86.Build.0 = Debug|x86
		{F9974821-EE0E-420F-852E-06DF4C885B48}.Release|Any CPU.ActiveCfg = Release|Any CPU
		{F9974821-EE0E-420F-852E-06DF4C885B48}.Release|Any CPU.Build.0 = Release|Any CPU
		{F9974821-EE0E-420F-852E-06DF4C885B48}.Release|x64.ActiveCfg = Release|Any CPU
		{F9974821-EE0E-420F-852E-06DF4C885B48}.Release|x64.Build.0 = Release|Any CPU
		{F9974821-EE0E-420F-852E-06DF4C885B48}.Release|x86.ActiveCfg = Release|Any CPU
		{F9974821-EE0E-420F-852E-06DF4C885B48}.Release|x86.Build.0 = Release|Any CPU
		{B3D4674E-EAA0-42EA-9C57-D2B098BA6852}.CJx64|Any CPU.ActiveCfg = CJx64|Any CPU
		{B3D4674E-EAA0-42EA-9C57-D2B098BA6852}.CJx64|Any CPU.Build.0 = CJx64|Any CPU
		{B3D4674E-EAA0-42EA-9C57-D2B098BA6852}.CJx64|x64.ActiveCfg = CJx64|x64
		{B3D4674E-EAA0-42EA-9C57-D2B098BA6852}.CJx64|x64.Build.0 = CJx64|x64
		{B3D4674E-EAA0-42EA-9C57-D2B098BA6852}.CJx64|x86.ActiveCfg = CJx64|x86
		{B3D4674E-EAA0-42EA-9C57-D2B098BA6852}.CJx64|x86.Build.0 = CJx64|x86
		{B3D4674E-EAA0-42EA-9C57-D2B098BA6852}.Debug|Any CPU.ActiveCfg = Debug|Any CPU
		{B3D4674E-EAA0-42EA-9C57-D2B098BA6852}.Debug|Any CPU.Build.0 = Debug|Any CPU
		{B3D4674E-EAA0-42EA-9C57-D2B098BA6852}.Debug|x64.ActiveCfg = Debug|x64
		{B3D4674E-EAA0-42EA-9C57-D2B098BA6852}.Debug|x64.Build.0 = Debug|x64
		{B3D4674E-EAA0-42EA-9C57-D2B098BA6852}.Debug|x86.ActiveCfg = Debug|x86
		{B3D4674E-EAA0-42EA-9C57-D2B098BA6852}.Debug|x86.Build.0 = Debug|x86
		{B3D4674E-EAA0-42EA-9C57-D2B098BA6852}.Release|Any CPU.ActiveCfg = Release|Any CPU
		{B3D4674E-EAA0-42EA-9C57-D2B098BA6852}.Release|Any CPU.Build.0 = Release|Any CPU
		{B3D4674E-EAA0-42EA-9C57-D2B098BA6852}.Release|x64.ActiveCfg = Release|Any CPU
		{B3D4674E-EAA0-42EA-9C57-D2B098BA6852}.Release|x64.Build.0 = Release|Any CPU
		{B3D4674E-EAA0-42EA-9C57-D2B098BA6852}.Release|x86.ActiveCfg = Release|Any CPU
		{B3D4674E-EAA0-42EA-9C57-D2B098BA6852}.Release|x86.Build.0 = Release|Any CPU
		{56534A68-C441-4470-B683-91F7EBD6CB59}.CJx64|Any CPU.ActiveCfg = CJx64|Any CPU
		{56534A68-C441-4470-B683-91F7EBD6CB59}.CJx64|Any CPU.Build.0 = CJx64|Any CPU
		{56534A68-C441-4470-B683-91F7EBD6CB59}.CJx64|x64.ActiveCfg = CJx64|x64
		{56534A68-C441-4470-B683-91F7EBD6CB59}.CJx64|x64.Build.0 = CJx64|x64
		{56534A68-C441-4470-B683-91F7EBD6CB59}.CJx64|x86.ActiveCfg = CJx64|x86
		{56534A68-C441-4470-B683-91F7EBD6CB59}.CJx64|x86.Build.0 = CJx64|x86
		{56534A68-C441-4470-B683-91F7EBD6CB59}.Debug|Any CPU.ActiveCfg = Debug|Any CPU
		{56534A68-C441-4470-B683-91F7EBD6CB59}.Debug|Any CPU.Build.0 = Debug|Any CPU
		{56534A68-C441-4470-B683-91F7EBD6CB59}.Debug|x64.ActiveCfg = Debug|x64
		{56534A68-C441-4470-B683-91F7EBD6CB59}.Debug|x64.Build.0 = Debug|x64
		{56534A68-C441-4470-B683-91F7EBD6CB59}.Debug|x86.ActiveCfg = Debug|x86
		{56534A68-C441-4470-B683-91F7EBD6CB59}.Debug|x86.Build.0 = Debug|x86
		{56534A68-C441-4470-B683-91F7EBD6CB59}.Release|Any CPU.ActiveCfg = Release|Any CPU
		{56534A68-C441-4470-B683-91F7EBD6CB59}.Release|Any CPU.Build.0 = Release|Any CPU
		{56534A68-C441-4470-B683-91F7EBD6CB59}.Release|x64.ActiveCfg = Release|Any CPU
		{56534A68-C441-4470-B683-91F7EBD6CB59}.Release|x64.Build.0 = Release|Any CPU
		{56534A68-C441-4470-B683-91F7EBD6CB59}.Release|x86.ActiveCfg = Release|Any CPU
		{56534A68-C441-4470-B683-91F7EBD6CB59}.Release|x86.Build.0 = Release|Any CPU
		{BA27AA46-81CC-4735-9E8D-D338FE444086}.CJx64|Any CPU.ActiveCfg = Release|Any CPU
		{BA27AA46-81CC-4735-9E8D-D338FE444086}.CJx64|Any CPU.Build.0 = Release|Any CPU
		{BA27AA46-81CC-4735-9E8D-D338FE444086}.CJx64|x64.ActiveCfg = Release|Any CPU
		{BA27AA46-81CC-4735-9E8D-D338FE444086}.CJx64|x86.ActiveCfg = Release|Any CPU
		{BA27AA46-81CC-4735-9E8D-D338FE444086}.Debug|Any CPU.ActiveCfg = Debug|Any CPU
		{BA27AA46-81CC-4735-9E8D-D338FE444086}.Debug|Any CPU.Build.0 = Debug|Any CPU
		{BA27AA46-81CC-4735-9E8D-D338FE444086}.Debug|x64.ActiveCfg = Debug|Any CPU
		{BA27AA46-81CC-4735-9E8D-D338FE444086}.Debug|x86.ActiveCfg = Debug|Any CPU
		{BA27AA46-81CC-4735-9E8D-D338FE444086}.Release|Any CPU.ActiveCfg = Release|Any CPU
		{BA27AA46-81CC-4735-9E8D-D338FE444086}.Release|Any CPU.Build.0 = Release|Any CPU
		{BA27AA46-81CC-4735-9E8D-D338FE444086}.Release|x64.ActiveCfg = Release|Any CPU
		{BA27AA46-81CC-4735-9E8D-D338FE444086}.Release|x86.ActiveCfg = Release|Any CPU
	EndGlobalSection
	GlobalSection(SolutionProperties) = preSolution
		HideSolutionNode = FALSE
	EndGlobalSection
EndGlobal
